
Microsoft Visual Studio Solution File, Format Version 12.00
# Visual Studio Version 17
VisualStudioVersion = 17.5.002.0
MinimumVisualStudioVersion = 10.0.40219.1
Project("{9A19103F-16F7-4668-BE54-9A1E7A4F7556}") = "Aula02RH", "Aula02RH.csproj", "{F6257E87-F81B-4E75-8692-015BA0E6F64A}"
EndProject
Global
	GlobalSection(SolutionConfigurationPlatforms) = preSolution
		Debug|Any CPU = Debug|Any CPU
		Release|Any CPU = Release|Any CPU
	EndGlobalSection
	GlobalSection(ProjectConfigurationPlatforms) = postSolution
		{F6257E87-F81B-4E75-8692-015BA0E6F64A}.Debug|Any CPU.ActiveCfg = Debug|Any CPU
		{F6257E87-F81B-4E75-8692-015BA0E6F64A}.Debug|Any CPU.Build.0 = Debug|Any CPU
		{F6257E87-F81B-4E75-8692-015BA0E6F64A}.Release|Any CPU.ActiveCfg = Release|Any CPU
		{F6257E87-F81B-4E75-8692-015BA0E6F64A}.Release|Any CPU.Build.0 = Release|Any CPU
	EndGlobalSection
	GlobalSection(SolutionProperties) = preSolution
		HideSolutionNode = FALSE
	EndGlobalSection
	GlobalSection(ExtensibilityGlobals) = postSolution
		SolutionGuid = {4973D402-55D1-4F38-8F3A-94EE1B93A7BF}
	EndGlobalSection
EndGlobal
